
Microsoft Visual Studio Solution File, Format Version 12.00
# Visual Studio Version 16
VisualStudioVersion = 16.0.30621.155
MinimumVisualStudioVersion = 10.0.40219.1
Project("{9A19103F-16F7-4668-BE54-9A1E7A4F7556}") = "ServerSite", "ServerSite\ServerSite.csproj", "{E073F961-B752-436D-AA32-6CBDD7760746}"
EndProject
Global
	GlobalSection(SolutionConfigurationPlatforms) = preSolution
		Debug|Any CPU = Debug|Any CPU
		Debug|x64 = Debug|x64
		Release|Any CPU = Release|Any CPU
		Release|x64 = Release|x64
	EndGlobalSection
	GlobalSection(ProjectConfigurationPlatforms) = postSolution
		{E073F961-B752-436D-AA32-6CBDD7760746}.Debug|Any CPU.ActiveCfg = Debug|Any CPU
		{E073F961-B752-436D-AA32-6CBDD7760746}.Debug|Any CPU.Build.0 = Debug|Any CPU
		{E073F961-B752-436D-AA32-6CBDD7760746}.Debug|x64.ActiveCfg = Debug|x64
		{E073F961-B752-436D-AA32-6CBDD7760746}.Debug|x64.Build.0 = Debug|x64
		{E073F961-B752-436D-AA32-6CBDD7760746}.Release|Any CPU.ActiveCfg = Release|Any CPU
		{E073F961-B752-436D-AA32-6CBDD7760746}.Release|Any CPU.Build.0 = Release|Any CPU
		{E073F961-B752-436D-AA32-6CBDD7760746}.Release|x64.ActiveCfg = Release|x64
		{E073F961-B752-436D-AA32-6CBDD7760746}.Release|x64.Build.0 = Release|x64
	EndGlobalSection
	GlobalSection(SolutionProperties) = preSolution
		HideSolutionNode = FALSE
	EndGlobalSection
	GlobalSection(ExtensibilityGlobals) = postSolution
		SolutionGuid = {BA81902E-3A52-4CBD-A80A-3FF72A866345}
	EndGlobalSection
	GlobalSection(TeamFoundationVersionControl) = preSolution
		SccNumberOfProjects = 2
		SccEnterpriseProvider = {4CA58AB2-18FA-4F8D-95D4-32DDF27D184C}
		SccTeamFoundationServer = https://fairfieldtek.visualstudio.com/
		SccLocalPath0 = .
		SccProjectUniqueName1 = ServerSite\\ServerSite.csproj
		SccProjectName1 = ServerSite
		SccLocalPath1 = ServerSite
	EndGlobalSection
EndGlobal
